// !$*UTF8*$!
{
	archiveVersion = 1;
	classes = {
	};
	objectVersion = 55;
	objects = {

/* Begin PBXBuildFile section */
		1D463685278433B100B63594 /* SMRCVSliderStyle2Layout.m in Sources */ = {isa = PBXBuildFile; fileRef = 1D463684278433B100B63594 /* SMRCVSliderStyle2Layout.m */; };
		1D463688278433BE00B63594 /* SMRCVSliderStyle1Layout.m in Sources */ = {isa = PBXBuildFile; fileRef = 1D463687278433BE00B63594 /* SMRCVSliderStyle1Layout.m */; };
		1D46368B2784358900B63594 /* SMRCVSliderStyle1LayoutController.m in Sources */ = {isa = PBXBuildFile; fileRef = 1D46368A2784358900B63594 /* SMRCVSliderStyle1LayoutController.m */; };
		1D46368E2784359500B63594 /* SMRCVSliderStyle2LayoutController.m in Sources */ = {isa = PBXBuildFile; fileRef = 1D46368D2784359500B63594 /* SMRCVSliderStyle2LayoutController.m */; };
		1D46369127845C8700B63594 /* SMRCVSliderStyle3LayoutController.m in Sources */ = {isa = PBXBuildFile; fileRef = 1D46369027845C8700B63594 /* SMRCVSliderStyle3LayoutController.m */; };
		1D46369427845CA200B63594 /* SMRCVSliderStyle3Layout.m in Sources */ = {isa = PBXBuildFile; fileRef = 1D46369327845CA200B63594 /* SMRCVSliderStyle3Layout.m */; };
		1D4636AE2787051F00B63594 /* SMRCVArtWallLayout.m in Sources */ = {isa = PBXBuildFile; fileRef = 1D4636AD2787051F00B63594 /* SMRCVArtWallLayout.m */; };
		1D4636B1278705BB00B63594 /* SMRCVArtWallLayoutController.m in Sources */ = {isa = PBXBuildFile; fileRef = 1D4636B0278705BB00B63594 /* SMRCVArtWallLayoutController.m */; };
		1D4636B72787D9AF00B63594 /* UICollectionViewLayout+SMR.m in Sources */ = {isa = PBXBuildFile; fileRef = 1D4636B62787D9AF00B63594 /* UICollectionViewLayout+SMR.m */; };
		1DC58ACC277D84F4002A796C /* AppDelegate.m in Sources */ = {isa = PBXBuildFile; fileRef = 1DC58ACB277D84F4002A796C /* AppDelegate.m */; };
		1DC58ACF277D84F4002A796C /* SceneDelegate.m in Sources */ = {isa = PBXBuildFile; fileRef = 1DC58ACE277D84F4002A796C /* SceneDelegate.m */; };
		1DC58AD2277D84F4002A796C /* ViewController.m in Sources */ = {isa = PBXBuildFile; fileRef = 1DC58AD1277D84F4002A796C /* ViewController.m */; };
		1DC58AD5277D84F4002A796C /* Main.storyboard in Resources */ = {isa = PBXBuildFile; fileRef = 1DC58AD3277D84F4002A796C /* Main.storyboard */; };
		1DC58AD7277D84F7002A796C /* Assets.xcassets in Resources */ = {isa = PBXBuildFile; fileRef = 1DC58AD6277D84F7002A796C /* Assets.xcassets */; };
		1DC58ADA277D84F7002A796C /* LaunchScreen.storyboard in Resources */ = {isa = PBXBuildFile; fileRef = 1DC58AD8277D84F7002A796C /* LaunchScreen.storyboard */; };
		1DC58ADD277D84F7002A796C /* main.m in Sources */ = {isa = PBXBuildFile; fileRef = 1DC58ADC277D84F7002A796C /* main.m */; };
		1DC58AFA277D9A50002A796C /* SMRCVLayoutController.m in Sources */ = {isa = PBXBuildFile; fileRef = 1DC58AF9277D9A50002A796C /* SMRCVLayoutController.m */; };
		1DC58AFD277D9D3E002A796C /* SMRCVCircleLayout.m in Sources */ = {isa = PBXBuildFile; fileRef = 1DC58AFC277D9D3E002A796C /* SMRCVCircleLayout.m */; };
		1DC58B00277D9D52002A796C /* SMRCVCircleLayoutController.m in Sources */ = {isa = PBXBuildFile; fileRef = 1DC58AFF277D9D52002A796C /* SMRCVCircleLayoutController.m */; };
		1DC58B06277DA452002A796C /* SMRCVSquareLayoutController.m in Sources */ = {isa = PBXBuildFile; fileRef = 1DC58B05277DA452002A796C /* SMRCVSquareLayoutController.m */; };
		1DC58B09277DA4A0002A796C /* SMRCVSquareLayout.m in Sources */ = {isa = PBXBuildFile; fileRef = 1DC58B08277DA4A0002A796C /* SMRCVSquareLayout.m */; };
		1DC58B0C277DA75B002A796C /* SMRCVWaterfallLayout.m in Sources */ = {isa = PBXBuildFile; fileRef = 1DC58B0B277DA75B002A796C /* SMRCVWaterfallLayout.m */; };
		1DC58B0F277DA77B002A796C /* SMRCVWaterfallLayoutController.m in Sources */ = {isa = PBXBuildFile; fileRef = 1DC58B0E277DA77B002A796C /* SMRCVWaterfallLayoutController.m */; };
		EB316A8DF222606FDCF4856B /* Pods_SMRCollectionViewLayouts.framework in Frameworks */ = {isa = PBXBuildFile; fileRef = 88664EBD45499D2579FFDA6C /* Pods_SMRCollectionViewLayouts.framework */; };
/* End PBXBuildFile section */

/* Begin PBXFileReference section */
		1D463683278433B100B63594 /* SMRCVSliderStyle2Layout.h */ = {isa = PBXFileReference; lastKnownFileType = sourcecode.c.h; path = SMRCVSliderStyle2Layout.h; sourceTree = "<group>"; };
		1D463684278433B100B63594 /* SMRCVSliderStyle2Layout.m */ = {isa = PBXFileReference; lastKnownFileType = sourcecode.c.objc; path = SMRCVSliderStyle2Layout.m; sourceTree = "<group>"; };
		1D463686278433BE00B63594 /* SMRCVSliderStyle1Layout.h */ = {isa = PBXFileReference; lastKnownFileType = sourcecode.c.h; path = SMRCVSliderStyle1Layout.h; sourceTree = "<group>"; };
		1D463687278433BE00B63594 /* SMRCVSliderStyle1Layout.m */ = {isa = PBXFileReference; lastKnownFileType = sourcecode.c.objc; path = SMRCVSliderStyle1Layout.m; sourceTree = "<group>"; };
		1D4636892784358900B63594 /* SMRCVSliderStyle1LayoutController.h */ = {isa = PBXFileReference; lastKnownFileType = sourcecode.c.h; path = SMRCVSliderStyle1LayoutController.h; sourceTree = "<group>"; };
		1D46368A2784358900B63594 /* SMRCVSliderStyle1LayoutController.m */ = {isa = PBXFileReference; lastKnownFileType = sourcecode.c.objc; path = SMRCVSliderStyle1LayoutController.m; sourceTree = "<group>"; };
		1D46368C2784359500B63594 /* SMRCVSliderStyle2LayoutController.h */ = {isa = PBXFileReference; lastKnownFileType = sourcecode.c.h; path = SMRCVSliderStyle2LayoutController.h; sourceTree = "<group>"; };
		1D46368D2784359500B63594 /* SMRCVSliderStyle2LayoutController.m */ = {isa = PBXFileReference; lastKnownFileType = sourcecode.c.objc; path = SMRCVSliderStyle2LayoutController.m; sourceTree = "<group>"; };
		1D46368F27845C8700B63594 /* SMRCVSliderStyle3LayoutController.h */ = {isa = PBXFileReference; lastKnownFileType = sourcecode.c.h; path = SMRCVSliderStyle3LayoutController.h; sourceTree = "<group>"; };
		1D46369027845C8700B63594 /* SMRCVSliderStyle3LayoutController.m */ = {isa = PBXFileReference; lastKnownFileType = sourcecode.c.objc; path = SMRCVSliderStyle3LayoutController.m; sourceTree = "<group>"; };
		1D46369227845CA200B63594 /* SMRCVSliderStyle3Layout.h */ = {isa = PBXFileReference; lastKnownFileType = sourcecode.c.h; path = SMRCVSliderStyle3Layout.h; sourceTree = "<group>"; };
		1D46369327845CA200B63594 /* SMRCVSliderStyle3Layout.m */ = {isa = PBXFileReference; lastKnownFileType = sourcecode.c.objc; path = SMRCVSliderStyle3Layout.m; sourceTree = "<group>"; };
		1D4636AC2787051F00B63594 /* SMRCVArtWallLayout.h */ = {isa = PBXFileReference; lastKnownFileType = sourcecode.c.h; path = SMRCVArtWallLayout.h; sourceTree = "<group>"; };
		1D4636AD2787051F00B63594 /* SMRCVArtWallLayout.m */ = {isa = PBXFileReference; lastKnownFileType = sourcecode.c.objc; path = SMRCVArtWallLayout.m; sourceTree = "<group>"; };
		1D4636AF278705BB00B63594 /* SMRCVArtWallLayoutController.h */ = {isa = PBXFileReference; lastKnownFileType = sourcecode.c.h; path = SMRCVArtWallLayoutController.h; sourceTree = "<group>"; };
		1D4636B0278705BB00B63594 /* SMRCVArtWallLayoutController.m */ = {isa = PBXFileReference; lastKnownFileType = sourcecode.c.objc; path = SMRCVArtWallLayoutController.m; sourceTree = "<group>"; };
		1D4636B52787D9AF00B63594 /* UICollectionViewLayout+SMR.h */ = {isa = PBXFileReference; lastKnownFileType = sourcecode.c.h; path = "UICollectionViewLayout+SMR.h"; sourceTree = "<group>"; };
		1D4636B62787D9AF00B63594 /* UICollectionViewLayout+SMR.m */ = {isa = PBXFileReference; lastKnownFileType = sourcecode.c.objc; path = "UICollectionViewLayout+SMR.m"; sourceTree = "<group>"; };
		1DC58AC7277D84F3002A796C /* SMRCollectionViewLayouts.app */ = {isa = PBXFileReference; explicitFileType = wrapper.application; includeInIndex = 0; path = SMRCollectionViewLayouts.app; sourceTree = BUILT_PRODUCTS_DIR; };
		1DC58ACA277D84F4002A796C /* AppDelegate.h */ = {isa = PBXFileReference; lastKnownFileType = sourcecode.c.h; path = AppDelegate.h; sourceTree = "<group>"; };
		1DC58ACB277D84F4002A796C /* AppDelegate.m */ = {isa = PBXFileReference; lastKnownFileType = sourcecode.c.objc; path = AppDelegate.m; sourceTree = "<group>"; };
		1DC58ACD277D84F4002A796C /* SceneDelegate.h */ = {isa = PBXFileReference; lastKnownFileType = sourcecode.c.h; path = SceneDelegate.h; sourceTree = "<group>"; };
		1DC58ACE277D84F4002A796C /* SceneDelegate.m */ = {isa = PBXFileReference; lastKnownFileType = sourcecode.c.objc; path = SceneDelegate.m; sourceTree = "<group>"; };
		1DC58AD0277D84F4002A796C /* ViewController.h */ = {isa = PBXFileReference; lastKnownFileType = sourcecode.c.h; path = ViewController.h; sourceTree = "<group>"; };
		1DC58AD1277D84F4002A796C /* ViewController.m */ = {isa = PBXFileReference; lastKnownFileType = sourcecode.c.objc; path = ViewController.m; sourceTree = "<group>"; };
		1DC58AD4277D84F4002A796C /* Base */ = {isa = PBXFileReference; lastKnownFileType = file.storyboard; name = Base; path = Base.lproj/Main.storyboard; sourceTree = "<group>"; };
		1DC58AD6277D84F7002A796C /* Assets.xcassets */ = {isa = PBXFileReference; lastKnownFileType = folder.assetcatalog; path = Assets.xcassets; sourceTree = "<group>"; };
		1DC58AD9277D84F7002A796C /* Base */ = {isa = PBXFileReference; lastKnownFileType = file.storyboard; name = Base; path = Base.lproj/LaunchScreen.storyboard; sourceTree = "<group>"; };
		1DC58ADB277D84F7002A796C /* Info.plist */ = {isa = PBXFileReference; lastKnownFileType = text.plist.xml; path = Info.plist; sourceTree = "<group>"; };
		1DC58ADC277D84F7002A796C /* main.m */ = {isa = PBXFileReference; lastKnownFileType = sourcecode.c.objc; path = main.m; sourceTree = "<group>"; };
		1DC58AF8277D9A50002A796C /* SMRCVLayoutController.h */ = {isa = PBXFileReference; lastKnownFileType = sourcecode.c.h; path = SMRCVLayoutController.h; sourceTree = "<group>"; };
		1DC58AF9277D9A50002A796C /* SMRCVLayoutController.m */ = {isa = PBXFileReference; lastKnownFileType = sourcecode.c.objc; path = SMRCVLayoutController.m; sourceTree = "<group>"; };
		1DC58AFB277D9D3E002A796C /* SMRCVCircleLayout.h */ = {isa = PBXFileReference; lastKnownFileType = sourcecode.c.h; path = SMRCVCircleLayout.h; sourceTree = "<group>"; };
		1DC58AFC277D9D3E002A796C /* SMRCVCircleLayout.m */ = {isa = PBXFileReference; lastKnownFileType = sourcecode.c.objc; path = SMRCVCircleLayout.m; sourceTree = "<group>"; };
		1DC58AFE277D9D52002A796C /* SMRCVCircleLayoutController.h */ = {isa = PBXFileReference; lastKnownFileType = sourcecode.c.h; path = SMRCVCircleLayoutController.h; sourceTree = "<group>"; };
		1DC58AFF277D9D52002A796C /* SMRCVCircleLayoutController.m */ = {isa = PBXFileReference; lastKnownFileType = sourcecode.c.objc; path = SMRCVCircleLayoutController.m; sourceTree = "<group>"; };
		1DC58B04277DA452002A796C /* SMRCVSquareLayoutController.h */ = {isa = PBXFileReference; lastKnownFileType = sourcecode.c.h; path = SMRCVSquareLayoutController.h; sourceTree = "<group>"; };
		1DC58B05277DA452002A796C /* SMRCVSquareLayoutController.m */ = {isa = PBXFileReference; lastKnownFileType = sourcecode.c.objc; path = SMRCVSquareLayoutController.m; sourceTree = "<group>"; };
		1DC58B07277DA4A0002A796C /* SMRCVSquareLayout.h */ = {isa = PBXFileReference; lastKnownFileType = sourcecode.c.h; path = SMRCVSquareLayout.h; sourceTree = "<group>"; };
		1DC58B08277DA4A0002A796C /* SMRCVSquareLayout.m */ = {isa = PBXFileReference; lastKnownFileType = sourcecode.c.objc; path = SMRCVSquareLayout.m; sourceTree = "<group>"; };
		1DC58B0A277DA75B002A796C /* SMRCVWaterfallLayout.h */ = {isa = PBXFileReference; lastKnownFileType = sourcecode.c.h; path = SMRCVWaterfallLayout.h; sourceTree = "<group>"; };
		1DC58B0B277DA75B002A796C /* SMRCVWaterfallLayout.m */ = {isa = PBXFileReference; lastKnownFileType = sourcecode.c.objc; path = SMRCVWaterfallLayout.m; sourceTree = "<group>"; };
		1DC58B0D277DA77B002A796C /* SMRCVWaterfallLayoutController.h */ = {isa = PBXFileReference; lastKnownFileType = sourcecode.c.h; path = SMRCVWaterfallLayoutController.h; sourceTree = "<group>"; };
		1DC58B0E277DA77B002A796C /* SMRCVWaterfallLayoutController.m */ = {isa = PBXFileReference; lastKnownFileType = sourcecode.c.objc; path = SMRCVWaterfallLayoutController.m; sourceTree = "<group>"; };
		3D3D495B2CD0E739FAC93A2F /* Pods-SMRCollectionViewLayouts.debug.xcconfig */ = {isa = PBXFileReference; includeInIndex = 1; lastKnownFileType = text.xcconfig; name = "Pods-SMRCollectionViewLayouts.debug.xcconfig"; path = "Target Support Files/Pods-SMRCollectionViewLayouts/Pods-SMRCollectionViewLayouts.debug.xcconfig"; sourceTree = "<group>"; };
		88664EBD45499D2579FFDA6C /* Pods_SMRCollectionViewLayouts.framework */ = {isa = PBXFileReference; explicitFileType = wrapper.framework; includeInIndex = 0; path = Pods_SMRCollectionViewLayouts.framework; sourceTree = BUILT_PRODUCTS_DIR; };
		D3A10F61B92EAB8F59E8E941 /* Pods-SMRCollectionViewLayouts.release.xcconfig */ = {isa = PBXFileReference; includeInIndex = 1; lastKnownFileType = text.xcconfig; name = "Pods-SMRCollectionViewLayouts.release.xcconfig"; path = "Target Support Files/Pods-SMRCollectionViewLayouts/Pods-SMRCollectionViewLayouts.release.xcconfig"; sourceTree = "<group>"; };
/* End PBXFileReference section */

/* Begin PBXFrameworksBuildPhase section */
		1DC58AC4277D84F3002A796C /* Frameworks */ = {
			isa = PBXFrameworksBuildPhase;
			buildActionMask = 2147483647;
			files = (
				EB316A8DF222606FDCF4856B /* Pods_SMRCollectionViewLayouts.framework in Frameworks */,
			);
			runOnlyForDeploymentPostprocessing = 0;
		};
/* End PBXFrameworksBuildPhase section */

/* Begin PBXGroup section */
		1DC58ABE277D84F3002A796C = {
			isa = PBXGroup;
			children = (
				1DC58AE4277D88A1002A796C /* SMRCVLayouts */,
				1DC58AC9277D84F4002A796C /* SMRCollectionViewLayouts */,
				1DC58AC8277D84F3002A796C /* Products */,
				3CC60F71B475EACBB27C4AE1 /* Pods */,
				4EBB9C33C408539AA7C41339 /* Frameworks */,
			);
			sourceTree = "<group>";
		};
		1DC58AC8277D84F3002A796C /* Products */ = {
			isa = PBXGroup;
			children = (
				1DC58AC7277D84F3002A796C /* SMRCollectionViewLayouts.app */,
			);
			name = Products;
			sourceTree = "<group>";
		};
		1DC58AC9277D84F4002A796C /* SMRCollectionViewLayouts */ = {
			isa = PBXGroup;
			children = (
				1DC58ACA277D84F4002A796C /* AppDelegate.h */,
				1DC58ACB277D84F4002A796C /* AppDelegate.m */,
				1DC58ACD277D84F4002A796C /* SceneDelegate.h */,
				1DC58ACE277D84F4002A796C /* SceneDelegate.m */,
				1DC58AD0277D84F4002A796C /* ViewController.h */,
				1DC58AD1277D84F4002A796C /* ViewController.m */,
				1DC58AE8277D8A14002A796C /* SMRCVDemos */,
				1DC58AD3277D84F4002A796C /* Main.storyboard */,
				1DC58AD6277D84F7002A796C /* Assets.xcassets */,
				1DC58AD8277D84F7002A796C /* LaunchScreen.storyboard */,
				1DC58ADB277D84F7002A796C /* Info.plist */,
				1DC58ADC277D84F7002A796C /* main.m */,
			);
			path = SMRCollectionViewLayouts;
			sourceTree = "<group>";
		};
		1DC58AE4277D88A1002A796C /* SMRCVLayouts */ = {
			isa = PBXGroup;
			children = (
				1DC58AFB277D9D3E002A796C /* SMRCVCircleLayout.h */,
				1DC58AFC277D9D3E002A796C /* SMRCVCircleLayout.m */,
				1DC58B07277DA4A0002A796C /* SMRCVSquareLayout.h */,
				1DC58B08277DA4A0002A796C /* SMRCVSquareLayout.m */,
				1DC58B0A277DA75B002A796C /* SMRCVWaterfallLayout.h */,
				1DC58B0B277DA75B002A796C /* SMRCVWaterfallLayout.m */,
				1D463686278433BE00B63594 /* SMRCVSliderStyle1Layout.h */,
				1D463687278433BE00B63594 /* SMRCVSliderStyle1Layout.m */,
				1D463683278433B100B63594 /* SMRCVSliderStyle2Layout.h */,
				1D463684278433B100B63594 /* SMRCVSliderStyle2Layout.m */,
				1D46369227845CA200B63594 /* SMRCVSliderStyle3Layout.h */,
				1D46369327845CA200B63594 /* SMRCVSliderStyle3Layout.m */,
				1D4636AC2787051F00B63594 /* SMRCVArtWallLayout.h */,
				1D4636AD2787051F00B63594 /* SMRCVArtWallLayout.m */,
				1D4636B52787D9AF00B63594 /* UICollectionViewLayout+SMR.h */,
				1D4636B62787D9AF00B63594 /* UICollectionViewLayout+SMR.m */,
			);
			name = SMRCVLayouts;
			path = SMRCollectionViewLayouts/SMRCVLayouts;
			sourceTree = "<group>";
		};
		1DC58AE8277D8A14002A796C /* SMRCVDemos */ = {
			isa = PBXGroup;
			children = (
				1DC58AF8277D9A50002A796C /* SMRCVLayoutController.h */,
				1DC58AF9277D9A50002A796C /* SMRCVLayoutController.m */,
				1DC58AFE277D9D52002A796C /* SMRCVCircleLayoutController.h */,
				1DC58AFF277D9D52002A796C /* SMRCVCircleLayoutController.m */,
				1DC58B04277DA452002A796C /* SMRCVSquareLayoutController.h */,
				1DC58B05277DA452002A796C /* SMRCVSquareLayoutController.m */,
				1DC58B0D277DA77B002A796C /* SMRCVWaterfallLayoutController.h */,
				1DC58B0E277DA77B002A796C /* SMRCVWaterfallLayoutController.m */,
				1D4636892784358900B63594 /* SMRCVSliderStyle1LayoutController.h */,
				1D46368A2784358900B63594 /* SMRCVSliderStyle1LayoutController.m */,
				1D46368C2784359500B63594 /* SMRCVSliderStyle2LayoutController.h */,
				1D46368D2784359500B63594 /* SMRCVSliderStyle2LayoutController.m */,
				1D46368F27845C8700B63594 /* SMRCVSliderStyle3LayoutController.h */,
				1D46369027845C8700B63594 /* SMRCVSliderStyle3LayoutController.m */,
				1D4636AF278705BB00B63594 /* SMRCVArtWallLayoutController.h */,
				1D4636B0278705BB00B63594 /* SMRCVArtWallLayoutController.m */,
			);
			path = SMRCVDemos;
			sourceTree = "<group>";
		};
		3CC60F71B475EACBB27C4AE1 /* Pods */ = {
			isa = PBXGroup;
			children = (
				3D3D495B2CD0E739FAC93A2F /* Pods-SMRCollectionViewLayouts.debug.xcconfig */,
				D3A10F61B92EAB8F59E8E941 /* Pods-SMRCollectionViewLayouts.release.xcconfig */,
			);
			path = Pods;
			sourceTree = "<group>";
		};
		4EBB9C33C408539AA7C41339 /* Frameworks */ = {
			isa = PBXGroup;
			children = (
				88664EBD45499D2579FFDA6C /* Pods_SMRCollectionViewLayouts.framework */,
			);
			name = Frameworks;
			sourceTree = "<group>";
		};
/* End PBXGroup section */

/* Begin PBXNativeTarget section */
		1DC58AC6277D84F3002A796C /* SMRCollectionViewLayouts */ = {
			isa = PBXNativeTarget;
			buildConfigurationList = 1DC58AE0277D84F7002A796C /* Build configuration list for PBXNativeTarget "SMRCollectionViewLayouts" */;
			buildPhases = (
				424C8839C09C5FB447D444D0 /* [CP] Check Pods Manifest.lock */,
				1DC58AC3277D84F3002A796C /* Sources */,
				1DC58AC4277D84F3002A796C /* Frameworks */,
				1DC58AC5277D84F3002A796C /* Resources */,
				0B8229C8A87FA3ECDEA912FA /* [CP] Embed Pods Frameworks */,
			);
			buildRules = (
			);
			dependencies = (
			);
			name = SMRCollectionViewLayouts;
			productName = SMRCollectionViewLayouts;
			productReference = 1DC58AC7277D84F3002A796C /* SMRCollectionViewLayouts.app */;
			productType = "com.apple.product-type.application";
		};
/* End PBXNativeTarget section */

/* Begin PBXProject section */
		1DC58ABF277D84F3002A796C /* Project object */ = {
			isa = PBXProject;
			attributes = {
				BuildIndependentTargetsInParallel = 1;
				LastUpgradeCheck = 1310;
				TargetAttributes = {
					1DC58AC6277D84F3002A796C = {
						CreatedOnToolsVersion = 13.1;
					};
				};
			};
			buildConfigurationList = 1DC58AC2277D84F3002A796C /* Build configuration list for PBXProject "SMRCollectionViewLayouts" */;
			compatibilityVersion = "Xcode 13.0";
			developmentRegion = en;
			hasScannedForEncodings = 0;
			knownRegions = (
				en,
				Base,
			);
			mainGroup = 1DC58ABE277D84F3002A796C;
			productRefGroup = 1DC58AC8277D84F3002A796C /* Products */;
			projectDirPath = "";
			projectRoot = "";
			targets = (
				1DC58AC6277D84F3002A796C /* SMRCollectionViewLayouts */,
			);
		};
/* End PBXProject section */

/* Begin PBXResourcesBuildPhase section */
		1DC58AC5277D84F3002A796C /* Resources */ = {
			isa = PBXResourcesBuildPhase;
			buildActionMask = 2147483647;
			files = (
				1DC58ADA277D84F7002A796C /* LaunchScreen.storyboard in Resources */,
				1DC58AD7277D84F7002A796C /* Assets.xcassets in Resources */,
				1DC58AD5277D84F4002A796C /* Main.storyboard in Resources */,
			);
			runOnlyForDeploymentPostprocessing = 0;
		};
/* End PBXResourcesBuildPhase section */

/* Begin PBXShellScriptBuildPhase section */
		0B8229C8A87FA3ECDEA912FA /* [CP] Embed Pods Frameworks */ = {
			isa = PBXShellScriptBuildPhase;
			buildActionMask = 2147483647;
			files = (
			);
			inputFileListPaths = (
				"${PODS_ROOT}/Target Support Files/Pods-SMRCollectionViewLayouts/Pods-SMRCollectionViewLayouts-frameworks-${CONFIGURATION}-input-files.xcfilelist",
			);
			name = "[CP] Embed Pods Frameworks";
			outputFileListPaths = (
				"${PODS_ROOT}/Target Support Files/Pods-SMRCollectionViewLayouts/Pods-SMRCollectionViewLayouts-frameworks-${CONFIGURATION}-output-files.xcfilelist",
			);
			runOnlyForDeploymentPostprocessing = 0;
			shellPath = /bin/sh;
			shellScript = "\"${PODS_ROOT}/Target Support Files/Pods-SMRCollectionViewLayouts/Pods-SMRCollectionViewLayouts-frameworks.sh\"\n";
			showEnvVarsInLog = 0;
		};
		424C8839C09C5FB447D444D0 /* [CP] Check Pods Manifest.lock */ = {
			isa = PBXShellScriptBuildPhase;
			buildActionMask = 2147483647;
			files = (
			);
			inputFileListPaths = (
			);
			inputPaths = (
				"${PODS_PODFILE_DIR_PATH}/Podfile.lock",
				"${PODS_ROOT}/Manifest.lock",
			);
			name = "[CP] Check Pods Manifest.lock";
			outputFileListPaths = (
			);
			outputPaths = (
				"$(DERIVED_FILE_DIR)/Pods-SMRCollectionViewLayouts-checkManifestLockResult.txt",
			);
			runOnlyForDeploymentPostprocessing = 0;
			shellPath = /bin/sh;
			shellScript = "diff \"${PODS_PODFILE_DIR_PATH}/Podfile.lock\" \"${PODS_ROOT}/Manifest.lock\" > /dev/null\nif [ $? != 0 ] ; then\n    # print error to STDERR\n    echo \"error: The sandbox is not in sync with the Podfile.lock. Run 'pod install' or update your CocoaPods installation.\" >&2\n    exit 1\nfi\n# This output is used by Xcode 'outputs' to avoid re-running this script phase.\necho \"SUCCESS\" > \"${SCRIPT_OUTPUT_FILE_0}\"\n";
			showEnvVarsInLog = 0;
		};
/* End PBXShellScriptBuildPhase section */

/* Begin PBXSourcesBuildPhase section */
		1DC58AC3277D84F3002A796C /* Sources */ = {
			isa = PBXSourcesBuildPhase;
			buildActionMask = 2147483647;
			files = (
				1DC58B00277D9D52002A796C /* SMRCVCircleLayoutController.m in Sources */,
				1D463688278433BE00B63594 /* SMRCVSliderStyle1Layout.m in Sources */,
				1D46368E2784359500B63594 /* SMRCVSliderStyle2LayoutController.m in Sources */,
				1D46369427845CA200B63594 /* SMRCVSliderStyle3Layout.m in Sources */,
				1D46368B2784358900B63594 /* SMRCVSliderStyle1LayoutController.m in Sources */,
				1DC58AD2277D84F4002A796C /* ViewController.m in Sources */,
				1D4636B1278705BB00B63594 /* SMRCVArtWallLayoutController.m in Sources */,
				1DC58AFD277D9D3E002A796C /* SMRCVCircleLayout.m in Sources */,
				1DC58ACC277D84F4002A796C /* AppDelegate.m in Sources */,
				1DC58B06277DA452002A796C /* SMRCVSquareLayoutController.m in Sources */,
				1D4636B72787D9AF00B63594 /* UICollectionViewLayout+SMR.m in Sources */,
				1DC58ADD277D84F7002A796C /* main.m in Sources */,
				1D4636AE2787051F00B63594 /* SMRCVArtWallLayout.m in Sources */,
				1D46369127845C8700B63594 /* SMRCVSliderStyle3LayoutController.m in Sources */,
				1DC58B09277DA4A0002A796C /* SMRCVSquareLayout.m in Sources */,
				1DC58B0F277DA77B002A796C /* SMRCVWaterfallLayoutController.m in Sources */,
				1DC58B0C277DA75B002A796C /* SMRCVWaterfallLayout.m in Sources */,
				1DC58AFA277D9A50002A796C /* SMRCVLayoutController.m in Sources */,
				1DC58ACF277D84F4002A796C /* SceneDelegate.m in Sources */,
				1D463685278433B100B63594 /* SMRCVSliderStyle2Layout.m in Sources */,
			);
			runOnlyForDeploymentPostprocessing = 0;
		};
/* End PBXSourcesBuildPhase section */

/* Begin PBXVariantGroup section */
		1DC58AD3277D84F4002A796C /* Main.storyboard */ = {
			isa = PBXVariantGroup;
			children = (
				1DC58AD4277D84F4002A796C /* Base */,
			);
			name = Main.storyboard;
			sourceTree = "<group>";
		};
		1DC58AD8277D84F7002A796C /* LaunchScreen.storyboard */ = {
			isa = PBXVariantGroup;
			children = (
				1DC58AD9277D84F7002A796C /* Base */,
			);
			name = LaunchScreen.storyboard;
			sourceTree = "<group>";
		};
/* End PBXVariantGroup section */

/* Begin XCBuildConfiguration section */
		1DC58ADE277D84F7002A796C /* Debug */ = {
			isa = XCBuildConfiguration;
			buildSettings = {
				ALWAYS_SEARCH_USER_PATHS = NO;
				CLANG_ANALYZER_NONNULL = YES;
				CLANG_ANALYZER_NUMBER_OBJECT_CONVERSION = YES_AGGRESSIVE;
				CLANG_CXX_LANGUAGE_STANDARD = "gnu++17";
				CLANG_CXX_LIBRARY = "libc++";
				CLANG_ENABLE_MODULES = YES;
				CLANG_ENABLE_OBJC_ARC = YES;
				CLANG_ENABLE_OBJC_WEAK = YES;
				CLANG_WARN_BLOCK_CAPTURE_AUTORELEASING = YES;
				CLANG_WARN_BOOL_CONVERSION = YES;
				CLANG_WARN_COMMA = YES;
				CLANG_WARN_CONSTANT_CONVERSION = YES;
				CLANG_WARN_DEPRECATED_OBJC_IMPLEMENTATIONS = YES;
				CLANG_WARN_DIRECT_OBJC_ISA_USAGE = YES_ERROR;
				CLANG_WARN_DOCUMENTATION_COMMENTS = YES;
				CLANG_WARN_EMPTY_BODY = YES;
				CLANG_WARN_ENUM_CONVERSION = YES;
				CLANG_WARN_INFINITE_RECURSION = YES;
				CLANG_WARN_INT_CONVERSION = YES;
				CLANG_WARN_NON_LITERAL_NULL_CONVERSION = YES;
				CLANG_WARN_OBJC_IMPLICIT_RETAIN_SELF = YES;
				CLANG_WARN_OBJC_LITERAL_CONVERSION = YES;
				CLANG_WARN_OBJC_ROOT_CLASS = YES_ERROR;
				CLANG_WARN_QUOTED_INCLUDE_IN_FRAMEWORK_HEADER = YES;
				CLANG_WARN_RANGE_LOOP_ANALYSIS = YES;
				CLANG_WARN_STRICT_PROTOTYPES = YES;
				CLANG_WARN_SUSPICIOUS_MOVE = YES;
				CLANG_WARN_UNGUARDED_AVAILABILITY = YES_AGGRESSIVE;
				CLANG_WARN_UNREACHABLE_CODE = YES;
				CLANG_WARN__DUPLICATE_METHOD_MATCH = YES;
				COPY_PHASE_STRIP = NO;
				DEBUG_INFORMATION_FORMAT = dwarf;
				ENABLE_STRICT_OBJC_MSGSEND = YES;
				ENABLE_TESTABILITY = YES;
				GCC_C_LANGUAGE_STANDARD = gnu11;
				GCC_DYNAMIC_NO_PIC = NO;
				GCC_NO_COMMON_BLOCKS = YES;
				GCC_OPTIMIZATION_LEVEL = 0;
				GCC_PREPROCESSOR_DEFINITIONS = (
					"DEBUG=1",
					"$(inherited)",
				);
				GCC_WARN_64_TO_32_BIT_CONVERSION = YES;
				GCC_WARN_ABOUT_RETURN_TYPE = YES_ERROR;
				GCC_WARN_UNDECLARED_SELECTOR = YES;
				GCC_WARN_UNINITIALIZED_AUTOS = YES_AGGRESSIVE;
				GCC_WARN_UNUSED_FUNCTION = YES;
				GCC_WARN_UNUSED_VARIABLE = YES;
				IPHONEOS_DEPLOYMENT_TARGET = 15.0;
				MTL_ENABLE_DEBUG_INFO = INCLUDE_SOURCE;
				MTL_FAST_MATH = YES;
				ONLY_ACTIVE_ARCH = YES;
				SDKROOT = iphoneos;
			};
			name = Debug;
		};
		1DC58ADF277D84F7002A796C /* Release */ = {
			isa = XCBuildConfiguration;
			buildSettings = {
				ALWAYS_SEARCH_USER_PATHS = NO;
				CLANG_ANALYZER_NONNULL = YES;
				CLANG_ANALYZER_NUMBER_OBJECT_CONVERSION = YES_AGGRESSIVE;
				CLANG_CXX_LANGUAGE_STANDARD = "gnu++17";
				CLANG_CXX_LIBRARY = "libc++";
				CLANG_ENABLE_MODULES = YES;
				CLANG_ENABLE_OBJC_ARC = YES;
				CLANG_ENABLE_OBJC_WEAK = YES;
				CLANG_WARN_BLOCK_CAPTURE_AUTORELEASING = YES;
				CLANG_WARN_BOOL_CONVERSION = YES;
				CLANG_WARN_COMMA = YES;
				CLANG_WARN_CONSTANT_CONVERSION = YES;
				CLANG_WARN_DEPRECATED_OBJC_IMPLEMENTATIONS = YES;
				CLANG_WARN_DIRECT_OBJC_ISA_USAGE = YES_ERROR;
				CLANG_WARN_DOCUMENTATION_COMMENTS = YES;
				CLANG_WARN_EMPTY_BODY = YES;
				CLANG_WARN_ENUM_CONVERSION = YES;
				CLANG_WARN_INFINITE_RECURSION = YES;
				CLANG_WARN_INT_CONVERSION = YES;
				CLANG_WARN_NON_LITERAL_NULL_CONVERSION = YES;
				CLANG_WARN_OBJC_IMPLICIT_RETAIN_SELF = YES;
				CLANG_WARN_OBJC_LITERAL_CONVERSION = YES;
				CLANG_WARN_OBJC_ROOT_CLASS = YES_ERROR;
				CLANG_WARN_QUOTED_INCLUDE_IN_FRAMEWORK_HEADER = YES;
				CLANG_WARN_RANGE_LOOP_ANALYSIS = YES;
				CLANG_WARN_STRICT_PROTOTYPES = YES;
				CLANG_WARN_SUSPICIOUS_MOVE = YES;
				CLANG_WARN_UNGUARDED_AVAILABILITY = YES_AGGRESSIVE;
				CLANG_WARN_UNREACHABLE_CODE = YES;
				CLANG_WARN__DUPLICATE_METHOD_MATCH = YES;
				COPY_PHASE_STRIP = NO;
				DEBUG_INFORMATION_FORMAT = "dwarf-with-dsym";
				ENABLE_NS_ASSERTIONS = NO;
				ENABLE_STRICT_OBJC_MSGSEND = YES;
				GCC_C_LANGUAGE_STANDARD = gnu11;
				GCC_NO_COMMON_BLOCKS = YES;
				GCC_WARN_64_TO_32_BIT_CONVERSION = YES;
				GCC_WARN_ABOUT_RETURN_TYPE = YES_ERROR;
				GCC_WARN_UNDECLARED_SELECTOR = YES;
				GCC_WARN_UNINITIALIZED_AUTOS = YES_AGGRESSIVE;
				GCC_WARN_UNUSED_FUNCTION = YES;
				GCC_WARN_UNUSED_VARIABLE = YES;
				IPHONEOS_DEPLOYMENT_TARGET = 15.0;
				MTL_ENABLE_DEBUG_INFO = NO;
				MTL_FAST_MATH = YES;
				SDKROOT = iphoneos;
				VALIDATE_PRODUCT = YES;
			};
			name = Release;
		};
		1DC58AE1277D84F7002A796C /* Debug */ = {
			isa = XCBuildConfiguration;
			baseConfigurationReference = 3D3D495B2CD0E739FAC93A2F /* Pods-SMRCollectionViewLayouts.debug.xcconfig */;
			buildSettings = {
				ASSETCATALOG_COMPILER_APPICON_NAME = AppIcon;
				ASSETCATALOG_COMPILER_GLOBAL_ACCENT_COLOR_NAME = AccentColor;
				CODE_SIGN_STYLE = Automatic;
				CURRENT_PROJECT_VERSION = 1;
				DEVELOPMENT_TEAM = 8QXHGXQB5D;
				GENERATE_INFOPLIST_FILE = YES;
				INFOPLIST_FILE = SMRCollectionViewLayouts/Info.plist;
				INFOPLIST_KEY_UIApplicationSupportsIndirectInputEvents = YES;
				INFOPLIST_KEY_UILaunchStoryboardName = LaunchScreen;
				INFOPLIST_KEY_UIMainStoryboardFile = Main;
				INFOPLIST_KEY_UISupportedInterfaceOrientations_iPad = "UIInterfaceOrientationPortrait UIInterfaceOrientationPortraitUpsideDown UIInterfaceOrientationLandscapeLeft UIInterfaceOrientationLandscapeRight";
				INFOPLIST_KEY_UISupportedInterfaceOrientations_iPhone = "UIInterfaceOrientationPortrait UIInterfaceOrientationLandscapeLeft UIInterfaceOrientationLandscapeRight";
				LD_RUNPATH_SEARCH_PATHS = (
					"$(inherited)",
					"@executable_path/Frameworks",
				);
				MARKETING_VERSION = 1.0;
				PRODUCT_BUNDLE_IDENTIFIER = com.sumrise.SMRCollectionViewLayouts;
				PRODUCT_NAME = "$(TARGET_NAME)";
				SWIFT_EMIT_LOC_STRINGS = YES;
				TARGETED_DEVICE_FAMILY = "1,2";
			};
			name = Debug;
		};
		1DC58AE2277D84F7002A796C /* Release */ = {
			isa = XCBuildConfiguration;
			baseConfigurationReference = D3A10F61B92EAB8F59E8E941 /* Pods-SMRCollectionViewLayouts.release.xcconfig */;
			buildSettings = {
				ASSETCATALOG_COMPILER_APPICON_NAME = AppIcon;
				ASSETCATALOG_COMPILER_GLOBAL_ACCENT_COLOR_NAME = AccentColor;
				CODE_SIGN_STYLE = Automatic;
				CURRENT_PROJECT_VERSION = 1;
				DEVELOPMENT_TEAM = 8QXHGXQB5D;
				GENERATE_INFOPLIST_FILE = YES;
				INFOPLIST_FILE = SMRCollectionViewLayouts/Info.plist;
				INFOPLIST_KEY_UIApplicationSupportsIndirectInputEvents = YES;
				INFOPLIST_KEY_UILaunchStoryboardName = LaunchScreen;
				INFOPLIST_KEY_UIMainStoryboardFile = Main;
				INFOPLIST_KEY_UISupportedInterfaceOrientations_iPad = "UIInterfaceOrientationPortrait UIInterfaceOrientationPortraitUpsideDown UIInterfaceOrientationLandscapeLeft UIInterfaceOrientationLandscapeRight";
				INFOPLIST_KEY_UISupportedInterfaceOrientations_iPhone = "UIInterfaceOrientationPortrait UIInterfaceOrientationLandscapeLeft UIInterfaceOrientationLandscapeRight";
				LD_RUNPATH_SEARCH_PATHS = (
					"$(inherited)",
					"@executable_path/Frameworks",
				);
				MARKETING_VERSION = 1.0;
				PRODUCT_BUNDLE_IDENTIFIER = com.sumrise.SMRCollectionViewLayouts;
				PRODUCT_NAME = "$(TARGET_NAME)";
				SWIFT_EMIT_LOC_STRINGS = YES;
				TARGETED_DEVICE_FAMILY = "1,2";
			};
			name = Release;
		};
/* End XCBuildConfiguration section */

/* Begin XCConfigurationList section */
		1DC58AC2277D84F3002A796C /* Build configuration list for PBXProject "SMRCollectionViewLayouts" */ = {
			isa = XCConfigurationList;
			buildConfigurations = (
				1DC58ADE277D84F7002A796C /* Debug */,
				1DC58ADF277D84F7002A796C /* Release */,
			);
			defaultConfigurationIsVisible = 0;
			defaultConfigurationName = Release;
		};
		1DC58AE0277D84F7002A796C /* Build configuration list for PBXNativeTarget "SMRCollectionViewLayouts" */ = {
			isa = XCConfigurationList;
			buildConfigurations = (
				1DC58AE1277D84F7002A796C /* Debug */,
				1DC58AE2277D84F7002A796C /* Release */,
			);
			defaultConfigurationIsVisible = 0;
			defaultConfigurationName = Release;
		};
/* End XCConfigurationList section */
	};
	rootObject = 1DC58ABF277D84F3002A796C /* Project object */;
}
